// !$*UTF8*$!
{
	archiveVersion = 1;
	classes = {
	};
	objectVersion = 46;
	objects = {

/* Begin PBXBuildFile section */
		EC1C08D01F66322000ED0A7E /* main.m in Sources */ = {isa = PBXBuildFile; fileRef = EC1C08CF1F66322000ED0A7E /* main.m */; };
		EC1C08D31F66322000ED0A7E /* AppDelegate.m in Sources */ = {isa = PBXBuildFile; fileRef = EC1C08D21F66322000ED0A7E /* AppDelegate.m */; };
		EC1C08D61F66322000ED0A7E /* ViewController.m in Sources */ = {isa = PBXBuildFile; fileRef = EC1C08D51F66322000ED0A7E /* ViewController.m */; };
		EC1C08D91F66322000ED0A7E /* Main.storyboard in Resources */ = {isa = PBXBuildFile; fileRef = EC1C08D71F66322000ED0A7E /* Main.storyboard */; };
		EC1C08DB1F66322000ED0A7E /* Assets.xcassets in Resources */ = {isa = PBXBuildFile; fileRef = EC1C08DA1F66322000ED0A7E /* Assets.xcassets */; };
		EC1C08DE1F66322000ED0A7E /* LaunchScreen.storyboard in Resources */ = {isa = PBXBuildFile; fileRef = EC1C08DC1F66322000ED0A7E /* LaunchScreen.storyboard */; };
		EC66D6F01F690B31001A6701 /* Launch Screen.storyboard in Resources */ = {isa = PBXBuildFile; fileRef = EC66D6EF1F690B31001A6701 /* Launch Screen.storyboard */; };
/* End PBXBuildFile section */

/* Begin PBXFileReference section */
		EC1C08CB1F66322000ED0A7E /* LaunchScreenDemo.app */ = {isa = PBXFileReference; explicitFileType = wrapper.application; includeInIndex = 0; path = LaunchScreenDemo.app; sourceTree = BUILT_PRODUCTS_DIR; };
		EC1C08CF1F66322000ED0A7E /* main.m */ = {isa = PBXFileReference; lastKnownFileType = sourcecode.c.objc; path = main.m; sourceTree = "<group>"; };
		EC1C08D11F66322000ED0A7E /* AppDelegate.h */ = {isa = PBXFileReference; lastKnownFileType = sourcecode.c.h; path = AppDelegate.h; sourceTree = "<group>"; };
		EC1C08D21F66322000ED0A7E /* AppDelegate.m */ = {isa = PBXFileReference; lastKnownFileType = sourcecode.c.objc; path = AppDelegate.m; sourceTree = "<group>"; };
		EC1C08D41F66322000ED0A7E /* ViewController.h */ = {isa = PBXFileReference; lastKnownFileType = sourcecode.c.h; path = ViewController.h; sourceTree = "<group>"; };
		EC1C08D51F66322000ED0A7E /* ViewController.m */ = {isa = PBXFileReference; lastKnownFileType = sourcecode.c.objc; path = ViewController.m; sourceTree = "<group>"; };
		EC1C08D81F66322000ED0A7E /* Base */ = {isa = PBXFileReference; lastKnownFileType = file.storyboard; name = Base; path = Base.lproj/Main.storyboard; sourceTree = "<group>"; };
		EC1C08DA1F66322000ED0A7E /* Assets.xcassets */ = {isa = PBXFileReference; lastKnownFileType = folder.assetcatalog; path = Assets.xcassets; sourceTree = "<group>"; };
		EC1C08DD1F66322000ED0A7E /* Base */ = {isa = PBXFileReference; lastKnownFileType = file.storyboard; name = Base; path = Base.lproj/LaunchScreen.storyboard; sourceTree = "<group>"; };
		EC1C08DF1F66322000ED0A7E /* Info.plist */ = {isa = PBXFileReference; lastKnownFileType = text.plist.xml; path = Info.plist; sourceTree = "<group>"; };
		EC66D6EF1F690B31001A6701 /* Launch Screen.storyboard */ = {isa = PBXFileReference; fileEncoding = 4; lastKnownFileType = file.storyboard; path = "Launch Screen.storyboard"; sourceTree = "<group>"; };
/* End PBXFileReference section */

/* Begin PBXFrameworksBuildPhase section */
		EC1C08C81F66322000ED0A7E /* Frameworks */ = {
			isa = PBXFrameworksBuildPhase;
			buildActionMask = 2147483647;
			files = (
			);
			runOnlyForDeploymentPostprocessing = 0;
		};
/* End PBXFrameworksBuildPhase section */

/* Begin PBXGroup section */
		EC1C08C21F66322000ED0A7E = {
			isa = PBXGroup;
			children = (
				EC1C08CD1F66322000ED0A7E /* LaunchScreenDemo */,
				EC1C08CC1F66322000ED0A7E /* Products */,
			);
			sourceTree = "<group>";
		};
		EC1C08CC1F66322000ED0A7E /* Products */ = {
			isa = PBXGroup;
			children = (
				EC1C08CB1F66322000ED0A7E /* LaunchScreenDemo.app */,
			);
			name = Products;
			sourceTree = "<group>";
		};
		EC1C08CD1F66322000ED0A7E /* LaunchScreenDemo */ = {
			isa = PBXGroup;
			children = (
				EC1C08D11F66322000ED0A7E /* AppDelegate.h */,
				EC66D6EF1F690B31001A6701 /* Launch Screen.storyboard */,
				EC1C08D21F66322000ED0A7E /* AppDelegate.m */,
				EC1C08D41F66322000ED0A7E /* ViewController.h */,
				EC1C08D51F66322000ED0A7E /* ViewController.m */,
				EC1C08D71F66322000ED0A7E /* Main.storyboard */,
				EC1C08DA1F66322000ED0A7E /* Assets.xcassets */,
				EC1C08DC1F66322000ED0A7E /* LaunchScreen.storyboard */,
				EC1C08DF1F66322000ED0A7E /* Info.plist */,
				EC1C08CE1F66322000ED0A7E /* Supporting Files */,
			);
			path = LaunchScreenDemo;
			sourceTree = "<group>";
		};
		EC1C08CE1F66322000ED0A7E /* Supporting Files */ = {
			isa = PBXGroup;
			children = (
				EC1C08CF1F66322000ED0A7E /* main.m */,
			);
			name = "Supporting Files";
			sourceTree = "<group>";
		};
/* End PBXGroup section */

/* Begin PBXNativeTarget section */
		EC1C08CA1F66322000ED0A7E /* LaunchScreenDemo */ = {
			isa = PBXNativeTarget;
			buildConfigurationList = EC1C08E21F66322000ED0A7E /* Build configuration list for PBXNativeTarget "LaunchScreenDemo" */;
			buildPhases = (
				EC1C08C71F66322000ED0A7E /* Sources */,
				EC1C08C81F66322000ED0A7E /* Frameworks */,
				EC1C08C91F66322000ED0A7E /* Resources */,
			);
			buildRules = (
			);
			dependencies = (
			);
			name = LaunchScreenDemo;
			productName = LaunchScreenDemo;
			productReference = EC1C08CB1F66322000ED0A7E /* LaunchScreenDemo.app */;
			productType = "com.apple.product-type.application";
		};
/* End PBXNativeTarget section */

/* Begin PBXProject section */
		EC1C08C31F66322000ED0A7E /* Project object */ = {
			isa = PBXProject;
			attributes = {
				LastUpgradeCheck = 0830;
				ORGANIZATIONNAME = xiaomogu;
				TargetAttributes = {
					EC1C08CA1F66322000ED0A7E = {
						CreatedOnToolsVersion = 8.3.1;
						ProvisioningStyle = Automatic;
					};
				};
			};
			buildConfigurationList = EC1C08C61F66322000ED0A7E /* Build configuration list for PBXProject "LaunchScreenDemo" */;
			compatibilityVersion = "Xcode 3.2";
			developmentRegion = English;
			hasScannedForEncodings = 0;
			knownRegions = (
				en,
				Base,
			);
			mainGroup = EC1C08C21F66322000ED0A7E;
			productRefGroup = EC1C08CC1F66322000ED0A7E /* Products */;
			projectDirPath = "";
			projectRoot = "";
			targets = (
				EC1C08CA1F66322000ED0A7E /* LaunchScreenDemo */,
			);
		};
/* End PBXProject section */

/* Begin PBXResourcesBuildPhase section */
		EC1C08C91F66322000ED0A7E /* Resources */ = {
			isa = PBXResourcesBuildPhase;
			buildActionMask = 2147483647;
			files = (
				EC1C08DE1F66322000ED0A7E /* LaunchScreen.storyboard in Resources */,
				EC1C08DB1F66322000ED0A7E /* Assets.xcassets in Resources */,
				EC66D6F01F690B31001A6701 /* Launch Screen.storyboard in Resources */,
				EC1C08D91F66322000ED0A7E /* Main.storyboard in Resources */,
			);
			runOnlyForDeploymentPostprocessing = 0;
		};
/* End PBXResourcesBuildPhase section */

/* Begin PBXSourcesBuildPhase section */
		EC1C08C71F66322000ED0A7E /* Sources */ = {
			isa = PBXSourcesBuildPhase;
			buildActionMask = 2147483647;
			files = (
				EC1C08D61F66322000ED0A7E /* ViewController.m in Sources */,
				EC1C08D31F66322000ED0A7E /* AppDelegate.m in Sources */,
				EC1C08D01F66322000ED0A7E /* main.m in Sources */,
			);
			runOnlyForDeploymentPostprocessing = 0;
		};
/* End PBXSourcesBuildPhase section */

/* Begin PBXVariantGroup section */
		EC1C08D71F66322000ED0A7E /* Main.storyboard */ = {
			isa = PBXVariantGroup;
			children = (
				EC1C08D81F66322000ED0A7E /* Base */,
			);
			name = Main.storyboard;
			sourceTree = "<group>";
		};
		EC1C08DC1F66322000ED0A7E /* LaunchScreen.storyboard */ = {
			isa = PBXVariantGroup;
			children = (
				EC1C08DD1F66322000ED0A7E /* Base */,
			);
			name = LaunchScreen.storyboard;
			sourceTree = "<group>";
		};
/* End PBXVariantGroup section */

/* Begin XCBuildConfiguration section */
		EC1C08E01F66322000ED0A7E /* Debug */ = {
			isa = XCBuildConfiguration;
			buildSettings = {
				ALWAYS_SEARCH_USER_PATHS = NO;
				CLANG_ANALYZER_NONNULL = YES;
				CLANG_ANALYZER_NUMBER_OBJECT_CONVERSION = YES_AGGRESSIVE;
				CLANG_CXX_LANGUAGE_STANDARD = "gnu++0x";
				CLANG_CXX_LIBRARY = "libc++";
				CLANG_ENABLE_MODULES = YES;
				CLANG_ENABLE_OBJC_ARC = YES;
				CLANG_WARN_BOOL_CONVERSION = YES;
				CLANG_WARN_CONSTANT_CONVERSION = YES;
				CLANG_WARN_DIRECT_OBJC_ISA_USAGE = YES_ERROR;
				CLANG_WARN_DOCUMENTATION_COMMENTS = YES;
				CLANG_WARN_EMPTY_BODY = YES;
				CLANG_WARN_ENUM_CONVERSION = YES;
				CLANG_WARN_INFINITE_RECURSION = YES;
				CLANG_WARN_INT_CONVERSION = YES;
				CLANG_WARN_OBJC_ROOT_CLASS = YES_ERROR;
				CLANG_WARN_SUSPICIOUS_MOVE = YES;
				CLANG_WARN_UNREACHABLE_CODE = YES;
				CLANG_WARN__DUPLICATE_METHOD_MATCH = YES;
				"CODE_SIGN_IDENTITY[sdk=iphoneos*]" = "iPhone Developer";
				COPY_PHASE_STRIP = NO;
				DEBUG_INFORMATION_FORMAT = dwarf;
				ENABLE_STRICT_OBJC_MSGSEND = YES;
				ENABLE_TESTABILITY = YES;
				GCC_C_LANGUAGE_STANDARD = gnu99;
				GCC_DYNAMIC_NO_PIC = NO;
				GCC_NO_COMMON_BLOCKS = YES;
				GCC_OPTIMIZATION_LEVEL = 0;
				GCC_PREPROCESSOR_DEFINITIONS = (
					"DEBUG=1",
					"$(inherited)",
				);
				GCC_WARN_64_TO_32_BIT_CONVERSION = YES;
				GCC_WARN_ABOUT_RETURN_TYPE = YES_ERROR;
				GCC_WARN_UNDECLARED_SELECTOR = YES;
				GCC_WARN_UNINITIALIZED_AUTOS = YES_AGGRESSIVE;
				GCC_WARN_UNUSED_FUNCTION = YES;
				GCC_WARN_UNUSED_VARIABLE = YES;
				IPHONEOS_DEPLOYMENT_TARGET = 10.3;
				MTL_ENABLE_DEBUG_INFO = YES;
				ONLY_ACTIVE_ARCH = YES;
				SDKROOT = iphoneos;
				TARGETED_DEVICE_FAMILY = "1,2";
			};
			name = Debug;
		};
		EC1C08E11F66322000ED0A7E /* Release */ = {
			isa = XCBuildConfiguration;
			buildSettings = {
				ALWAYS_SEARCH_USER_PATHS = NO;
				CLANG_ANALYZER_NONNULL = YES;
				CLANG_ANALYZER_NUMBER_OBJECT_CONVERSION = YES_AGGRESSIVE;
				CLANG_CXX_LANGUAGE_STANDARD = "gnu++0x";
				CLANG_CXX_LIBRARY = "libc++";
				CLANG_ENABLE_MODULES = YES;
				CLANG_ENABLE_OBJC_ARC = YES;
				CLANG_WARN_BOOL_CONVERSION = YES;
				CLANG_WARN_CONSTANT_CONVERSION = YES;
				CLANG_WARN_DIRECT_OBJC_ISA_USAGE = YES_ERROR;
				CLANG_WARN_DOCUMENTATION_COMMENTS = YES;
				CLANG_WARN_EMPTY_BODY = YES;
				CLANG_WARN_ENUM_CONVERSION = YES;
				CLANG_WARN_INFINITE_RECURSION = YES;
				CLANG_WARN_INT_CONVERSION = YES;
				CLANG_WARN_OBJC_ROOT_CLASS = YES_ERROR;
				CLANG_WARN_SUSPICIOUS_MOVE = YES;
				CLANG_WARN_UNREACHABLE_CODE = YES;
				CLANG_WARN__DUPLICATE_METHOD_MATCH = YES;
				"CODE_SIGN_IDENTITY[sdk=iphoneos*]" = "iPhone Developer";
				COPY_PHASE_STRIP = NO;
				DEBUG_INFORMATION_FORMAT = "dwarf-with-dsym";
				ENABLE_NS_ASSERTIONS = NO;
				ENABLE_STRICT_OBJC_MSGSEND = YES;
				GCC_C_LANGUAGE_STANDARD = gnu99;
				GCC_NO_COMMON_BLOCKS = YES;
				GCC_WARN_64_TO_32_BIT_CONVERSION = YES;
				GCC_WARN_ABOUT_RETURN_TYPE = YES_ERROR;
				GCC_WARN_UNDECLARED_SELECTOR = YES;
				GCC_WARN_UNINITIALIZED_AUTOS = YES_AGGRESSIVE;
				GCC_WARN_UNUSED_FUNCTION = YES;
				GCC_WARN_UNUSED_VARIABLE = YES;
				IPHONEOS_DEPLOYMENT_TARGET = 10.3;
				MTL_ENABLE_DEBUG_INFO = NO;
				SDKROOT = iphoneos;
				TARGETED_DEVICE_FAMILY = "1,2";
				VALIDATE_PRODUCT = YES;
			};
			name = Release;
		};
		EC1C08E31F66322000ED0A7E /* Debug */ = {
			isa = XCBuildConfiguration;
			buildSettings = {
				ASSETCATALOG_COMPILER_APPICON_NAME = AppIcon;
				ASSETCATALOG_COMPILER_LAUNCHIMAGE_NAME = LaunchImage;
				INFOPLIST_FILE = LaunchScreenDemo/Info.plist;
				IPHONEOS_DEPLOYMENT_TARGET = 8.0;
				LD_RUNPATH_SEARCH_PATHS = "$(inherited) @executable_path/Frameworks";
				PRODUCT_BUNDLE_IDENTIFIER = xiaomogu.LaunchScreenDemo;
				PRODUCT_NAME = "$(TARGET_NAME)";
			};
			name = Debug;
		};
		EC1C08E41F66322000ED0A7E /* Release */ = {
			isa = XCBuildConfiguration;
			buildSettings = {
				ASSETCATALOG_COMPILER_APPICON_NAME = AppIcon;
				ASSETCATALOG_COMPILER_LAUNCHIMAGE_NAME = LaunchImage;
				INFOPLIST_FILE = LaunchScreenDemo/Info.plist;
				IPHONEOS_DEPLOYMENT_TARGET = 8.0;
				LD_RUNPATH_SEARCH_PATHS = "$(inherited) @executable_path/Frameworks";
				PRODUCT_BUNDLE_IDENTIFIER = xiaomogu.LaunchScreenDemo;
				PRODUCT_NAME = "$(TARGET_NAME)";
			};
			name = Release;
		};
/* End XCBuildConfiguration section */

/* Begin XCConfigurationList section */
		EC1C08C61F66322000ED0A7E /* Build configuration list for PBXProject "LaunchScreenDemo" */ = {
			isa = XCConfigurationList;
			buildConfigurations = (
				EC1C08E01F66322000ED0A7E /* Debug */,
				EC1C08E11F66322000ED0A7E /* Release */,
			);
			defaultConfigurationIsVisible = 0;
			defaultConfigurationName = Release;
		};
		EC1C08E21F66322000ED0A7E /* Build configuration list for PBXNativeTarget "LaunchScreenDemo" */ = {
			isa = XCConfigurationList;
			buildConfigurations = (
				EC1C08E31F66322000ED0A7E /* Debug */,
				EC1C08E41F66322000ED0A7E /* Release */,
			);
			defaultConfigurationIsVisible = 0;
			defaultConfigurationName = Release;
		};
/* End XCConfigurationList section */
	};
	rootObject = EC1C08C31F66322000ED0A7E /* Project object */;
}
