// !$*UTF8*$!
{
	archiveVersion = 1;
	classes = {
	};
	objectVersion = 46;
	objects = {

/* Begin PBXBuildFile section */
		5FEA8F201E1F839B00429DA9 /* main.m in Sources */ = {isa = PBXBuildFile; fileRef = 5FEA8F1F1E1F839B00429DA9 /* main.m */; };
		5FEA8F231E1F839B00429DA9 /* AppDelegate.m in Sources */ = {isa = PBXBuildFile; fileRef = 5FEA8F221E1F839B00429DA9 /* AppDelegate.m */; };
		5FEA8F261E1F839B00429DA9 /* ViewController.m in Sources */ = {isa = PBXBuildFile; fileRef = 5FEA8F251E1F839B00429DA9 /* ViewController.m */; };
		5FEA8F291E1F839B00429DA9 /* Main.storyboard in Resources */ = {isa = PBXBuildFile; fileRef = 5FEA8F271E1F839B00429DA9 /* Main.storyboard */; };
		5FEA8F2B1E1F839B00429DA9 /* Assets.xcassets in Resources */ = {isa = PBXBuildFile; fileRef = 5FEA8F2A1E1F839B00429DA9 /* Assets.xcassets */; };
		5FEA8F2E1E1F839B00429DA9 /* LaunchScreen.storyboard in Resources */ = {isa = PBXBuildFile; fileRef = 5FEA8F2C1E1F839B00429DA9 /* LaunchScreen.storyboard */; };
/* End PBXBuildFile section */

/* Begin PBXFileReference section */
		5FEA8F1B1E1F839B00429DA9 /* VideoDemo.app */ = {isa = PBXFileReference; explicitFileType = wrapper.application; includeInIndex = 0; path = VideoDemo.app; sourceTree = BUILT_PRODUCTS_DIR; };
		5FEA8F1F1E1F839B00429DA9 /* main.m */ = {isa = PBXFileReference; lastKnownFileType = sourcecode.c.objc; path = main.m; sourceTree = "<group>"; };
		5FEA8F211E1F839B00429DA9 /* AppDelegate.h */ = {isa = PBXFileReference; lastKnownFileType = sourcecode.c.h; path = AppDelegate.h; sourceTree = "<group>"; };
		5FEA8F221E1F839B00429DA9 /* AppDelegate.m */ = {isa = PBXFileReference; lastKnownFileType = sourcecode.c.objc; path = AppDelegate.m; sourceTree = "<group>"; };
		5FEA8F241E1F839B00429DA9 /* ViewController.h */ = {isa = PBXFileReference; lastKnownFileType = sourcecode.c.h; path = ViewController.h; sourceTree = "<group>"; };
		5FEA8F251E1F839B00429DA9 /* ViewController.m */ = {isa = PBXFileReference; lastKnownFileType = sourcecode.c.objc; path = ViewController.m; sourceTree = "<group>"; };
		5FEA8F281E1F839B00429DA9 /* Base */ = {isa = PBXFileReference; lastKnownFileType = file.storyboard; name = Base; path = Base.lproj/Main.storyboard; sourceTree = "<group>"; };
		5FEA8F2A1E1F839B00429DA9 /* Assets.xcassets */ = {isa = PBXFileReference; lastKnownFileType = folder.assetcatalog; path = Assets.xcassets; sourceTree = "<group>"; };
		5FEA8F2D1E1F839B00429DA9 /* Base */ = {isa = PBXFileReference; lastKnownFileType = file.storyboard; name = Base; path = Base.lproj/LaunchScreen.storyboard; sourceTree = "<group>"; };
		5FEA8F2F1E1F839B00429DA9 /* Info.plist */ = {isa = PBXFileReference; lastKnownFileType = text.plist.xml; path = Info.plist; sourceTree = "<group>"; };
/* End PBXFileReference section */

/* Begin PBXFrameworksBuildPhase section */
		5FEA8F181E1F839B00429DA9 /* Frameworks */ = {
			isa = PBXFrameworksBuildPhase;
			buildActionMask = 2147483647;
			files = (
			);
			runOnlyForDeploymentPostprocessing = 0;
		};
/* End PBXFrameworksBuildPhase section */

/* Begin PBXGroup section */
		5FEA8F121E1F839B00429DA9 = {
			isa = PBXGroup;
			children = (
				5FEA8F1D1E1F839B00429DA9 /* VideoDemo */,
				5FEA8F1C1E1F839B00429DA9 /* Products */,
			);
			sourceTree = "<group>";
		};
		5FEA8F1C1E1F839B00429DA9 /* Products */ = {
			isa = PBXGroup;
			children = (
				5FEA8F1B1E1F839B00429DA9 /* VideoDemo.app */,
			);
			name = Products;
			sourceTree = "<group>";
		};
		5FEA8F1D1E1F839B00429DA9 /* VideoDemo */ = {
			isa = PBXGroup;
			children = (
				5FEA8F211E1F839B00429DA9 /* AppDelegate.h */,
				5FEA8F221E1F839B00429DA9 /* AppDelegate.m */,
				5FEA8F241E1F839B00429DA9 /* ViewController.h */,
				5FEA8F251E1F839B00429DA9 /* ViewController.m */,
				5FEA8F271E1F839B00429DA9 /* Main.storyboard */,
				5FEA8F2A1E1F839B00429DA9 /* Assets.xcassets */,
				5FEA8F2C1E1F839B00429DA9 /* LaunchScreen.storyboard */,
				5FEA8F2F1E1F839B00429DA9 /* Info.plist */,
				5FEA8F1E1E1F839B00429DA9 /* Supporting Files */,
			);
			path = VideoDemo;
			sourceTree = "<group>";
		};
		5FEA8F1E1E1F839B00429DA9 /* Supporting Files */ = {
			isa = PBXGroup;
			children = (
				5FEA8F1F1E1F839B00429DA9 /* main.m */,
			);
			name = "Supporting Files";
			sourceTree = "<group>";
		};
/* End PBXGroup section */

/* Begin PBXNativeTarget section */
		5FEA8F1A1E1F839B00429DA9 /* VideoDemo */ = {
			isa = PBXNativeTarget;
			buildConfigurationList = 5FEA8F321E1F839B00429DA9 /* Build configuration list for PBXNativeTarget "VideoDemo" */;
			buildPhases = (
				5FEA8F171E1F839B00429DA9 /* Sources */,
				5FEA8F181E1F839B00429DA9 /* Frameworks */,
				5FEA8F191E1F839B00429DA9 /* Resources */,
			);
			buildRules = (
			);
			dependencies = (
			);
			name = VideoDemo;
			productName = VideoDemo;
			productReference = 5FEA8F1B1E1F839B00429DA9 /* VideoDemo.app */;
			productType = "com.apple.product-type.application";
		};
/* End PBXNativeTarget section */

/* Begin PBXProject section */
		5FEA8F131E1F839B00429DA9 /* Project object */ = {
			isa = PBXProject;
			attributes = {
				LastUpgradeCheck = 0820;
				ORGANIZATIONNAME = zhaoyq;
				TargetAttributes = {
					5FEA8F1A1E1F839B00429DA9 = {
						CreatedOnToolsVersion = 8.2;
						ProvisioningStyle = Automatic;
					};
				};
			};
			buildConfigurationList = 5FEA8F161E1F839B00429DA9 /* Build configuration list for PBXProject "VideoDemo" */;
			compatibilityVersion = "Xcode 3.2";
			developmentRegion = English;
			hasScannedForEncodings = 0;
			knownRegions = (
				en,
				Base,
			);
			mainGroup = 5FEA8F121E1F839B00429DA9;
			productRefGroup = 5FEA8F1C1E1F839B00429DA9 /* Products */;
			projectDirPath = "";
			projectRoot = "";
			targets = (
				5FEA8F1A1E1F839B00429DA9 /* VideoDemo */,
			);
		};
/* End PBXProject section */

/* Begin PBXResourcesBuildPhase section */
		5FEA8F191E1F839B00429DA9 /* Resources */ = {
			isa = PBXResourcesBuildPhase;
			buildActionMask = 2147483647;
			files = (
				5FEA8F2E1E1F839B00429DA9 /* LaunchScreen.storyboard in Resources */,
				5FEA8F2B1E1F839B00429DA9 /* Assets.xcassets in Resources */,
				5FEA8F291E1F839B00429DA9 /* Main.storyboard in Resources */,
			);
			runOnlyForDeploymentPostprocessing = 0;
		};
/* End PBXResourcesBuildPhase section */

/* Begin PBXSourcesBuildPhase section */
		5FEA8F171E1F839B00429DA9 /* Sources */ = {
			isa = PBXSourcesBuildPhase;
			buildActionMask = 2147483647;
			files = (
				5FEA8F261E1F839B00429DA9 /* ViewController.m in Sources */,
				5FEA8F231E1F839B00429DA9 /* AppDelegate.m in Sources */,
				5FEA8F201E1F839B00429DA9 /* main.m in Sources */,
			);
			runOnlyForDeploymentPostprocessing = 0;
		};
/* End PBXSourcesBuildPhase section */

/* Begin PBXVariantGroup section */
		5FEA8F271E1F839B00429DA9 /* Main.storyboard */ = {
			isa = PBXVariantGroup;
			children = (
				5FEA8F281E1F839B00429DA9 /* Base */,
			);
			name = Main.storyboard;
			sourceTree = "<group>";
		};
		5FEA8F2C1E1F839B00429DA9 /* LaunchScreen.storyboard */ = {
			isa = PBXVariantGroup;
			children = (
				5FEA8F2D1E1F839B00429DA9 /* Base */,
			);
			name = LaunchScreen.storyboard;
			sourceTree = "<group>";
		};
/* End PBXVariantGroup section */

/* Begin XCBuildConfiguration section */
		5FEA8F301E1F839B00429DA9 /* Debug */ = {
			isa = XCBuildConfiguration;
			buildSettings = {
				ALWAYS_SEARCH_USER_PATHS = NO;
				CLANG_ANALYZER_NONNULL = YES;
				CLANG_CXX_LANGUAGE_STANDARD = "gnu++0x";
				CLANG_CXX_LIBRARY = "libc++";
				CLANG_ENABLE_MODULES = YES;
				CLANG_ENABLE_OBJC_ARC = YES;
				CLANG_WARN_BOOL_CONVERSION = YES;
				CLANG_WARN_CONSTANT_CONVERSION = YES;
				CLANG_WARN_DIRECT_OBJC_ISA_USAGE = YES_ERROR;
				CLANG_WARN_DOCUMENTATION_COMMENTS = YES;
				CLANG_WARN_EMPTY_BODY = YES;
				CLANG_WARN_ENUM_CONVERSION = YES;
				CLANG_WARN_INFINITE_RECURSION = YES;
				CLANG_WARN_INT_CONVERSION = YES;
				CLANG_WARN_OBJC_ROOT_CLASS = YES_ERROR;
				CLANG_WARN_SUSPICIOUS_MOVE = YES;
				CLANG_WARN_UNREACHABLE_CODE = YES;
				CLANG_WARN__DUPLICATE_METHOD_MATCH = YES;
				"CODE_SIGN_IDENTITY[sdk=iphoneos*]" = "iPhone Developer";
				COPY_PHASE_STRIP = NO;
				DEBUG_INFORMATION_FORMAT = dwarf;
				ENABLE_STRICT_OBJC_MSGSEND = YES;
				ENABLE_TESTABILITY = YES;
				GCC_C_LANGUAGE_STANDARD = gnu99;
				GCC_DYNAMIC_NO_PIC = NO;
				GCC_NO_COMMON_BLOCKS = YES;
				GCC_OPTIMIZATION_LEVEL = 0;
				GCC_PREPROCESSOR_DEFINITIONS = (
					"DEBUG=1",
					"$(inherited)",
				);
				GCC_WARN_64_TO_32_BIT_CONVERSION = YES;
				GCC_WARN_ABOUT_RETURN_TYPE = YES_ERROR;
				GCC_WARN_UNDECLARED_SELECTOR = YES;
				GCC_WARN_UNINITIALIZED_AUTOS = YES_AGGRESSIVE;
				GCC_WARN_UNUSED_FUNCTION = YES;
				GCC_WARN_UNUSED_VARIABLE = YES;
				IPHONEOS_DEPLOYMENT_TARGET = 10.2;
				MTL_ENABLE_DEBUG_INFO = YES;
				ONLY_ACTIVE_ARCH = YES;
				SDKROOT = iphoneos;
			};
			name = Debug;
		};
		5FEA8F311E1F839B00429DA9 /* Release */ = {
			isa = XCBuildConfiguration;
			buildSettings = {
				ALWAYS_SEARCH_USER_PATHS = NO;
				CLANG_ANALYZER_NONNULL = YES;
				CLANG_CXX_LANGUAGE_STANDARD = "gnu++0x";
				CLANG_CXX_LIBRARY = "libc++";
				CLANG_ENABLE_MODULES = YES;
				CLANG_ENABLE_OBJC_ARC = YES;
				CLANG_WARN_BOOL_CONVERSION = YES;
				CLANG_WARN_CONSTANT_CONVERSION = YES;
				CLANG_WARN_DIRECT_OBJC_ISA_USAGE = YES_ERROR;
				CLANG_WARN_DOCUMENTATION_COMMENTS = YES;
				CLANG_WARN_EMPTY_BODY = YES;
				CLANG_WARN_ENUM_CONVERSION = YES;
				CLANG_WARN_INFINITE_RECURSION = YES;
				CLANG_WARN_INT_CONVERSION = YES;
				CLANG_WARN_OBJC_ROOT_CLASS = YES_ERROR;
				CLANG_WARN_SUSPICIOUS_MOVE = YES;
				CLANG_WARN_UNREACHABLE_CODE = YES;
				CLANG_WARN__DUPLICATE_METHOD_MATCH = YES;
				"CODE_SIGN_IDENTITY[sdk=iphoneos*]" = "iPhone Developer";
				COPY_PHASE_STRIP = NO;
				DEBUG_INFORMATION_FORMAT = "dwarf-with-dsym";
				ENABLE_NS_ASSERTIONS = NO;
				ENABLE_STRICT_OBJC_MSGSEND = YES;
				GCC_C_LANGUAGE_STANDARD = gnu99;
				GCC_NO_COMMON_BLOCKS = YES;
				GCC_WARN_64_TO_32_BIT_CONVERSION = YES;
				GCC_WARN_ABOUT_RETURN_TYPE = YES_ERROR;
				GCC_WARN_UNDECLARED_SELECTOR = YES;
				GCC_WARN_UNINITIALIZED_AUTOS = YES_AGGRESSIVE;
				GCC_WARN_UNUSED_FUNCTION = YES;
				GCC_WARN_UNUSED_VARIABLE = YES;
				IPHONEOS_DEPLOYMENT_TARGET = 10.2;
				MTL_ENABLE_DEBUG_INFO = NO;
				SDKROOT = iphoneos;
				VALIDATE_PRODUCT = YES;
			};
			name = Release;
		};
		5FEA8F331E1F839B00429DA9 /* Debug */ = {
			isa = XCBuildConfiguration;
			buildSettings = {
				ASSETCATALOG_COMPILER_APPICON_NAME = AppIcon;
				INFOPLIST_FILE = VideoDemo/Info.plist;
				LD_RUNPATH_SEARCH_PATHS = "$(inherited) @executable_path/Frameworks";
				PRODUCT_BUNDLE_IDENTIFIER = com.zhaoyq.VideoDemo;
				PRODUCT_NAME = "$(TARGET_NAME)";
			};
			name = Debug;
		};
		5FEA8F341E1F839B00429DA9 /* Release */ = {
			isa = XCBuildConfiguration;
			buildSettings = {
				ASSETCATALOG_COMPILER_APPICON_NAME = AppIcon;
				INFOPLIST_FILE = VideoDemo/Info.plist;
				LD_RUNPATH_SEARCH_PATHS = "$(inherited) @executable_path/Frameworks";
				PRODUCT_BUNDLE_IDENTIFIER = com.zhaoyq.VideoDemo;
				PRODUCT_NAME = "$(TARGET_NAME)";
			};
			name = Release;
		};
/* End XCBuildConfiguration section */

/* Begin XCConfigurationList section */
		5FEA8F161E1F839B00429DA9 /* Build configuration list for PBXProject "VideoDemo" */ = {
			isa = XCConfigurationList;
			buildConfigurations = (
				5FEA8F301E1F839B00429DA9 /* Debug */,
				5FEA8F311E1F839B00429DA9 /* Release */,
			);
			defaultConfigurationIsVisible = 0;
			defaultConfigurationName = Release;
		};
		5FEA8F321E1F839B00429DA9 /* Build configuration list for PBXNativeTarget "VideoDemo" */ = {
			isa = XCConfigurationList;
			buildConfigurations = (
				5FEA8F331E1F839B00429DA9 /* Debug */,
				5FEA8F341E1F839B00429DA9 /* Release */,
			);
			defaultConfigurationIsVisible = 0;
			defaultConfigurationName = Release;
		};
/* End XCConfigurationList section */
	};
	rootObject = 5FEA8F131E1F839B00429DA9 /* Project object */;
}
